
Microsoft Visual Studio Solution File, Format Version 10.00
# Visual Studio 2008
Project("{D183A3D8-5FD8-494B-B014-37F57B35E655}") = "DD Cancellation Export", "DD Cancellation Export.dtproj", "{869F4246-6C6C-419A-90F0-81CFC2566C77}"
EndProject
Global
	GlobalSection(SolutionConfigurationPlatforms) = preSolution
		Development|Default = Development|Default
	EndGlobalSection
	GlobalSection(ProjectConfigurationPlatforms) = postSolution
		{869F4246-6C6C-419A-90F0-81CFC2566C77}.Development|Default.ActiveCfg = Development
		{869F4246-6C6C-419A-90F0-81CFC2566C77}.Development|Default.Build.0 = Development
	EndGlobalSection
	GlobalSection(SolutionProperties) = preSolution
		HideSolutionNode = FALSE
	EndGlobalSection
EndGlobal
